
Microsoft Visual Studio Solution File, Format Version 12.00
# Visual Studio Version 17
VisualStudioVersion = 17.9.34728.123
MinimumVisualStudioVersion = 10.0.40219.1
Project("{9A19103F-16F7-4668-BE54-9A1E7A4F7556}") = "WebApplication1", "WebApplication1.csproj", "{6DA5526E-5972-48EA-BF35-E930CD59A991}"
EndProject
Project("{9A19103F-16F7-4668-BE54-9A1E7A4F7556}") = "HotpotLibrary", "..\HotpotLibrary\HotpotLibrary.csproj", "{29313B5D-EC5D-44CA-8A8C-F8C04D4665B0}"
EndProject
Project("{FAE04EC0-301F-11D3-BF4B-00C04F79EFBC}") = "HotpotTest", "..\HotpotTest\HotpotTest.csproj", "{F5393990-5985-425D-8E20-888D0C653C27}"
EndProject
Global
	GlobalSection(SolutionConfigurationPlatforms) = preSolution
		Debug|Any CPU = Debug|Any CPU
		Release|Any CPU = Release|Any CPU
	EndGlobalSection
	GlobalSection(ProjectConfigurationPlatforms) = postSolution
		{6DA5526E-5972-48EA-BF35-E930CD59A991}.Debug|Any CPU.ActiveCfg = Debug|Any CPU
		{6DA5526E-5972-48EA-BF35-E930CD59A991}.Debug|Any CPU.Build.0 = Debug|Any CPU
		{6DA5526E-5972-48EA-BF35-E930CD59A991}.Release|Any CPU.ActiveCfg = Release|Any CPU
		{6DA5526E-5972-48EA-BF35-E930CD59A991}.Release|Any CPU.Build.0 = Release|Any CPU
		{29313B5D-EC5D-44CA-8A8C-F8C04D4665B0}.Debug|Any CPU.ActiveCfg = Debug|Any CPU
		{29313B5D-EC5D-44CA-8A8C-F8C04D4665B0}.Debug|Any CPU.Build.0 = Debug|Any CPU
		{29313B5D-EC5D-44CA-8A8C-F8C04D4665B0}.Release|Any CPU.ActiveCfg = Release|Any CPU
		{29313B5D-EC5D-44CA-8A8C-F8C04D4665B0}.Release|Any CPU.Build.0 = Release|Any CPU
		{F5393990-5985-425D-8E20-888D0C653C27}.Debug|Any CPU.ActiveCfg = Debug|Any CPU
		{F5393990-5985-425D-8E20-888D0C653C27}.Debug|Any CPU.Build.0 = Debug|Any CPU
		{F5393990-5985-425D-8E20-888D0C653C27}.Release|Any CPU.ActiveCfg = Release|Any CPU
		{F5393990-5985-425D-8E20-888D0C653C27}.Release|Any CPU.Build.0 = Release|Any CPU
	EndGlobalSection
	GlobalSection(SolutionProperties) = preSolution
		HideSolutionNode = FALSE
	EndGlobalSection
	GlobalSection(ExtensibilityGlobals) = postSolution
		SolutionGuid = {954CD0C9-228D-4C25-968A-017923EA3FD3}
	EndGlobalSection
EndGlobal
